
Microsoft Visual Studio Solution File, Format Version 12.00
# Visual Studio 15
VisualStudioVersion = 15.0.28010.2016
MinimumVisualStudioVersion = 10.0.40219.1
Project("{FAE04EC0-301F-11D3-BF4B-00C04F79EFBC}") = "TicketStore", "TicketStore\TicketStore.csproj", "{AFE5C36C-8F2F-4645-8CC5-6B567CA749F6}"
EndProject
Project("{FAE04EC0-301F-11D3-BF4B-00C04F79EFBC}") = "TicketStore.Core", "TicketStore.Core\TicketStore.Core.csproj", "{930994D4-1102-4A6D-A6E1-408DFFC3B626}"
EndProject
Global
	GlobalSection(SolutionConfigurationPlatforms) = preSolution
		Debug|Any CPU = Debug|Any CPU
		Release|Any CPU = Release|Any CPU
	EndGlobalSection
	GlobalSection(ProjectConfigurationPlatforms) = postSolution
		{AFE5C36C-8F2F-4645-8CC5-6B567CA749F6}.Debug|Any CPU.ActiveCfg = Debug|Any CPU
		{AFE5C36C-8F2F-4645-8CC5-6B567CA749F6}.Debug|Any CPU.Build.0 = Debug|Any CPU
		{AFE5C36C-8F2F-4645-8CC5-6B567CA749F6}.Release|Any CPU.ActiveCfg = Release|Any CPU
		{AFE5C36C-8F2F-4645-8CC5-6B567CA749F6}.Release|Any CPU.Build.0 = Release|Any CPU
		{930994D4-1102-4A6D-A6E1-408DFFC3B626}.Debug|Any CPU.ActiveCfg = Debug|Any CPU
		{930994D4-1102-4A6D-A6E1-408DFFC3B626}.Debug|Any CPU.Build.0 = Debug|Any CPU
		{930994D4-1102-4A6D-A6E1-408DFFC3B626}.Release|Any CPU.ActiveCfg = Release|Any CPU
		{930994D4-1102-4A6D-A6E1-408DFFC3B626}.Release|Any CPU.Build.0 = Release|Any CPU
	EndGlobalSection
	GlobalSection(SolutionProperties) = preSolution
		HideSolutionNode = FALSE
	EndGlobalSection
	GlobalSection(ExtensibilityGlobals) = postSolution
		SolutionGuid = {6FE35E77-82F3-47A6-B7DB-2475E0110CAF}
	EndGlobalSection
EndGlobal
